
Microsoft Visual Studio Solution File, Format Version 12.00
# Visual Studio Version 17
VisualStudioVersion = 17.6.33723.286
MinimumVisualStudioVersion = 10.0.40219.1
Project("{FAE04EC0-301F-11D3-BF4B-00C04F79EFBC}") = "JobExchange", "JobExchange.csproj", "{B9E1B243-C5F7-49BE-9B05-8B05FEF1BD0F}"
EndProject
Global
	GlobalSection(SolutionConfigurationPlatforms) = preSolution
		Debug|Any CPU = Debug|Any CPU
		Release|Any CPU = Release|Any CPU
	EndGlobalSection
	GlobalSection(ProjectConfigurationPlatforms) = postSolution
		{B9E1B243-C5F7-49BE-9B05-8B05FEF1BD0F}.Debug|Any CPU.ActiveCfg = Debug|Any CPU
		{B9E1B243-C5F7-49BE-9B05-8B05FEF1BD0F}.Debug|Any CPU.Build.0 = Debug|Any CPU
		{B9E1B243-C5F7-49BE-9B05-8B05FEF1BD0F}.Release|Any CPU.ActiveCfg = Release|Any CPU
		{B9E1B243-C5F7-49BE-9B05-8B05FEF1BD0F}.Release|Any CPU.Build.0 = Release|Any CPU
	EndGlobalSection
	GlobalSection(SolutionProperties) = preSolution
		HideSolutionNode = FALSE
	EndGlobalSection
	GlobalSection(ExtensibilityGlobals) = postSolution
		SolutionGuid = {E4E8ECFB-BDA0-41BC-843F-66A72F7AD1CD}
	EndGlobalSection
EndGlobal
